{
  "lockfile-version": 1,
  "manifest": {
    "schema-version": "1.14.0",
    "install": {
      "python3": {
        "pkg-path": "python3",
        "version": "3.14.7"
      }
    },
    "hook": {},
    "profile": {},
    "options": {}
  },
  "packages": [
    {
      "attr_path": "python3",
      "broken": false,
      "derivation": "/nix/store/6lqs87j33w7czrqvb1b0zhnx24cfsjy6-python3-3.14.7.drv",
      "description": "High-level dynamically-typed programming language",
      "install_id": "python3",
      "license": "Python-2.0",
      "locked_url": "https://github.com/flox/nixpkgs?rev=2c423e03bbafcff28bfadc6781a4a8257f205cb5",
      "name": "python3-3.14.7",
      "pname": "python3",
      "rev": "2c423e03bbafcff28bfadc6781a4a8257f205cb5",
      "rev_count": 1059570,
      "rev_date": "2026-08-22T00:54:23Z",
      "scrape_date": "2026-08-23T04:57:15.061591Z",
      "stabilities": [
        "unstable"
      ],
      "unfree": false,
      "version": "3.14.7",
      "outputs_to_install": [
        "out",
        "out"
      ],
      "outputs": {
        "out": "/nix/store/kmq6qdcg0yq6r4awf02dgq003n42r6zk-python3-3.14.7"
      },
      "system": "aarch64-darwin",
      "group": "toplevel",
      "priority": 5
    },
    {
      "attr_path": "python3",
      "broken": false,
      "derivation": "/nix/store/q9qvbin4can1a4h0pi2c5nqbjaxgvhp5-python3-3.14.7.drv",
      "description": "High-level dynamically-typed programming language",
      "install_id": "python3",
      "license": "Python-2.0",
      "locked_url": "https://github.com/flox/nixpkgs?rev=2c423e03bbafcff28bfadc6781a4a8257f205cb5",
      "name": "python3-3.14.7",
      "pname": "python3",
      "rev": "2c423e03bbafcff28bfadc6781a4a8257f205cb5",
      "rev_count": 1059570,
      "rev_date": "2026-08-22T00:54:23Z",
      "scrape_date": "2026-08-23T05:27:44.364112Z",
      "stabilities": [
        "unstable"
      ],
      "unfree": false,
      "version": "3.14.7",
      "outputs_to_install": [
        "out",
        "out",
        "out"
      ],
      "outputs": {
        "debug": "/nix/store/556nr5mlbl7pn41l4gcwi8qvgvnsmdr6-python3-3.14.7-debug",
        "out": "/nix/store/3inr3nxzqarhb9rh1z7s2s20j8c0395h-python3-3.14.7"
      },
      "system": "aarch64-linux",
      "group": "toplevel",
      "priority": 5
    },
    {
      "attr_path": "python3",
      "broken": false,
      "derivation": "/nix/store/8ypyfgr768vw937caa9v56hcp2al7z0h-python3-3.14.7.drv",
      "description": "High-level dynamically-typed programming language",
      "install_id": "python3",
      "license": "Python-2.0",
      "locked_url": "https://github.com/flox/nixpkgs?rev=2c423e03bbafcff28bfadc6781a4a8257f205cb5",
      "name": "python3-3.14.7",
      "pname": "python3",
      "rev": "2c423e03bbafcff28bfadc6781a4a8257f205cb5",
      "rev_count": 1059570,
      "rev_date": "2026-08-22T00:54:23Z",
      "scrape_date": "2026-08-23T06:01:26.668813Z",
      "stabilities": [
        "unstable"
      ],
      "unfree": false,
      "version": "3.14.7",
      "outputs_to_install": [
        "out",
        "out",
        "out"
      ],
      "outputs": {
        "debug": "/nix/store/qjz7g5m2mqwjpqq0r662gv87ys44pjwy-python3-3.14.7-debug",
        "out": "/nix/store/3n4qphl9s728sz8frmpqqrv9b1m87g68-python3-3.14.7"
      },
      "system": "x86_64-linux",
      "group": "toplevel",
      "priority": 5
    }
  ]
}
